// !$*UTF8*$!
{
	archiveVersion = 1;
	classes = {
	};
	objectVersion = 55;
	objects = {

/* Begin PBXBuildFile section */
		BE105F0C27521FB0003BAE68 /* AppDelegate.swift in Sources */ = {isa = PBXBuildFile; fileRef = BE105F0B27521FB0003BAE68 /* AppDelegate.swift */; };
		BE105F0E27521FB0003BAE68 /* ContentView.swift in Sources */ = {isa = PBXBuildFile; fileRef = BE105F0D27521FB0003BAE68 /* ContentView.swift */; };
		BE105F1227521FB1003BAE68 /* Assets.xcassets in Resources */ = {isa = PBXBuildFile; fileRef = BE105F1127521FB1003BAE68 /* Assets.xcassets */; };
		BE105F1527521FB1003BAE68 /* Preview Assets.xcassets in Resources */ = {isa = PBXBuildFile; fileRef = BE105F1427521FB1003BAE68 /* Preview Assets.xcassets */; };
		BE105F1C275220EC003BAE68 /* ARBodyViewContainer.swift in Sources */ = {isa = PBXBuildFile; fileRef = BE105F1B275220EC003BAE68 /* ARBodyViewContainer.swift */; };
		BE105F1E275220F9003BAE68 /* ARBodyView.swift in Sources */ = {isa = PBXBuildFile; fileRef = BE105F1D275220F9003BAE68 /* ARBodyView.swift */; };
		BE105F2027522435003BAE68 /* BodySkeleton.swift in Sources */ = {isa = PBXBuildFile; fileRef = BE105F1F27522435003BAE68 /* BodySkeleton.swift */; };
		BE105F42275238C0003BAE68 /* SceneView.swift in Sources */ = {isa = PBXBuildFile; fileRef = BE105F41275238C0003BAE68 /* SceneView.swift */; };
/* End PBXBuildFile section */

/* Begin PBXFileReference section */
		BE105F0827521FB0003BAE68 /* StrangeBody.app */ = {isa = PBXFileReference; explicitFileType = wrapper.application; includeInIndex = 0; path = StrangeBody.app; sourceTree = BUILT_PRODUCTS_DIR; };
		BE105F0B27521FB0003BAE68 /* AppDelegate.swift */ = {isa = PBXFileReference; lastKnownFileType = sourcecode.swift; path = AppDelegate.swift; sourceTree = "<group>"; };
		BE105F0D27521FB0003BAE68 /* ContentView.swift */ = {isa = PBXFileReference; lastKnownFileType = sourcecode.swift; path = ContentView.swift; sourceTree = "<group>"; };
		BE105F1127521FB1003BAE68 /* Assets.xcassets */ = {isa = PBXFileReference; lastKnownFileType = folder.assetcatalog; path = Assets.xcassets; sourceTree = "<group>"; };
		BE105F1427521FB1003BAE68 /* Preview Assets.xcassets */ = {isa = PBXFileReference; lastKnownFileType = folder.assetcatalog; path = "Preview Assets.xcassets"; sourceTree = "<group>"; };
		BE105F1B275220EC003BAE68 /* ARBodyViewContainer.swift */ = {isa = PBXFileReference; lastKnownFileType = sourcecode.swift; path = ARBodyViewContainer.swift; sourceTree = "<group>"; };
		BE105F1D275220F9003BAE68 /* ARBodyView.swift */ = {isa = PBXFileReference; lastKnownFileType = sourcecode.swift; path = ARBodyView.swift; sourceTree = "<group>"; };
		BE105F1F27522435003BAE68 /* BodySkeleton.swift */ = {isa = PBXFileReference; lastKnownFileType = sourcecode.swift; path = BodySkeleton.swift; sourceTree = "<group>"; };
		BE105F41275238C0003BAE68 /* SceneView.swift */ = {isa = PBXFileReference; lastKnownFileType = sourcecode.swift; path = SceneView.swift; sourceTree = "<group>"; };
/* End PBXFileReference section */

/* Begin PBXFrameworksBuildPhase section */
		BE105F0527521FB0003BAE68 /* Frameworks */ = {
			isa = PBXFrameworksBuildPhase;
			buildActionMask = 2147483647;
			files = (
			);
			runOnlyForDeploymentPostprocessing = 0;
		};
/* End PBXFrameworksBuildPhase section */

/* Begin PBXGroup section */
		BE105EFF27521FB0003BAE68 = {
			isa = PBXGroup;
			children = (
				BE105F0A27521FB0003BAE68 /* StrangeBody */,
				BE105F0927521FB0003BAE68 /* Products */,
			);
			sourceTree = "<group>";
		};
		BE105F0927521FB0003BAE68 /* Products */ = {
			isa = PBXGroup;
			children = (
				BE105F0827521FB0003BAE68 /* StrangeBody.app */,
			);
			name = Products;
			sourceTree = "<group>";
		};
		BE105F0A27521FB0003BAE68 /* StrangeBody */ = {
			isa = PBXGroup;
			children = (
				BE105F0B27521FB0003BAE68 /* AppDelegate.swift */,
				BE105F0D27521FB0003BAE68 /* ContentView.swift */,
				BE105F4327523BD3003BAE68 /* Objects */,
				BE105F21275235BD003BAE68 /* Body */,
				BE105F1127521FB1003BAE68 /* Assets.xcassets */,
				BE105F1327521FB1003BAE68 /* Preview Content */,
			);
			path = StrangeBody;
			sourceTree = "<group>";
		};
		BE105F1327521FB1003BAE68 /* Preview Content */ = {
			isa = PBXGroup;
			children = (
				BE105F1427521FB1003BAE68 /* Preview Assets.xcassets */,
			);
			path = "Preview Content";
			sourceTree = "<group>";
		};
		BE105F21275235BD003BAE68 /* Body */ = {
			isa = PBXGroup;
			children = (
				BE105F1B275220EC003BAE68 /* ARBodyViewContainer.swift */,
				BE105F1D275220F9003BAE68 /* ARBodyView.swift */,
				BE105F1F27522435003BAE68 /* BodySkeleton.swift */,
			);
			path = Body;
			sourceTree = "<group>";
		};
		BE105F4327523BD3003BAE68 /* Objects */ = {
			isa = PBXGroup;
			children = (
				BE105F41275238C0003BAE68 /* SceneView.swift */,
			);
			path = Objects;
			sourceTree = "<group>";
		};
/* End PBXGroup section */

/* Begin PBXNativeTarget section */
		BE105F0727521FB0003BAE68 /* StrangeBody */ = {
			isa = PBXNativeTarget;
			buildConfigurationList = BE105F1827521FB1003BAE68 /* Build configuration list for PBXNativeTarget "StrangeBody" */;
			buildPhases = (
				BE105F0427521FB0003BAE68 /* Sources */,
				BE105F0527521FB0003BAE68 /* Frameworks */,
				BE105F0627521FB0003BAE68 /* Resources */,
			);
			buildRules = (
			);
			dependencies = (
			);
			name = StrangeBody;
			productName = StrangeBody;
			productReference = BE105F0827521FB0003BAE68 /* StrangeBody.app */;
			productType = "com.apple.product-type.application";
		};
/* End PBXNativeTarget section */

/* Begin PBXProject section */
		BE105F0027521FB0003BAE68 /* Project object */ = {
			isa = PBXProject;
			attributes = {
				BuildIndependentTargetsInParallel = 1;
				LastSwiftUpdateCheck = 1310;
				LastUpgradeCheck = 1310;
				TargetAttributes = {
					BE105F0727521FB0003BAE68 = {
						CreatedOnToolsVersion = 13.1;
					};
				};
			};
			buildConfigurationList = BE105F0327521FB0003BAE68 /* Build configuration list for PBXProject "StrangeBody" */;
			compatibilityVersion = "Xcode 13.0";
			developmentRegion = en;
			hasScannedForEncodings = 0;
			knownRegions = (
				en,
				Base,
			);
			mainGroup = BE105EFF27521FB0003BAE68;
			productRefGroup = BE105F0927521FB0003BAE68 /* Products */;
			projectDirPath = "";
			projectRoot = "";
			targets = (
				BE105F0727521FB0003BAE68 /* StrangeBody */,
			);
		};
/* End PBXProject section */

/* Begin PBXResourcesBuildPhase section */
		BE105F0627521FB0003BAE68 /* Resources */ = {
			isa = PBXResourcesBuildPhase;
			buildActionMask = 2147483647;
			files = (
				BE105F1527521FB1003BAE68 /* Preview Assets.xcassets in Resources */,
				BE105F1227521FB1003BAE68 /* Assets.xcassets in Resources */,
			);
			runOnlyForDeploymentPostprocessing = 0;
		};
/* End PBXResourcesBuildPhase section */

/* Begin PBXSourcesBuildPhase section */
		BE105F0427521FB0003BAE68 /* Sources */ = {
			isa = PBXSourcesBuildPhase;
			buildActionMask = 2147483647;
			files = (
				BE105F0E27521FB0003BAE68 /* ContentView.swift in Sources */,
				BE105F1C275220EC003BAE68 /* ARBodyViewContainer.swift in Sources */,
				BE105F2027522435003BAE68 /* BodySkeleton.swift in Sources */,
				BE105F0C27521FB0003BAE68 /* AppDelegate.swift in Sources */,
				BE105F1E275220F9003BAE68 /* ARBodyView.swift in Sources */,
				BE105F42275238C0003BAE68 /* SceneView.swift in Sources */,
			);
			runOnlyForDeploymentPostprocessing = 0;
		};
/* End PBXSourcesBuildPhase section */

/* Begin XCBuildConfiguration section */
		BE105F1627521FB1003BAE68 /* Debug */ = {
			isa = XCBuildConfiguration;
			buildSettings = {
				ALWAYS_SEARCH_USER_PATHS = NO;
				CLANG_ANALYZER_NONNULL = YES;
				CLANG_ANALYZER_NUMBER_OBJECT_CONVERSION = YES_AGGRESSIVE;
				CLANG_CXX_LANGUAGE_STANDARD = "gnu++17";
				CLANG_CXX_LIBRARY = "libc++";
				CLANG_ENABLE_MODULES = YES;
				CLANG_ENABLE_OBJC_ARC = YES;
				CLANG_ENABLE_OBJC_WEAK = YES;
				CLANG_WARN_BLOCK_CAPTURE_AUTORELEASING = YES;
				CLANG_WARN_BOOL_CONVERSION = YES;
				CLANG_WARN_COMMA = YES;
				CLANG_WARN_CONSTANT_CONVERSION = YES;
				CLANG_WARN_DEPRECATED_OBJC_IMPLEMENTATIONS = YES;
				CLANG_WARN_DIRECT_OBJC_ISA_USAGE = YES_ERROR;
				CLANG_WARN_DOCUMENTATION_COMMENTS = YES;
				CLANG_WARN_EMPTY_BODY = YES;
				CLANG_WARN_ENUM_CONVERSION = YES;
				CLANG_WARN_INFINITE_RECURSION = YES;
				CLANG_WARN_INT_CONVERSION = YES;
				CLANG_WARN_NON_LITERAL_NULL_CONVERSION = YES;
				CLANG_WARN_OBJC_IMPLICIT_RETAIN_SELF = YES;
				CLANG_WARN_OBJC_LITERAL_CONVERSION = YES;
				CLANG_WARN_OBJC_ROOT_CLASS = YES_ERROR;
				CLANG_WARN_QUOTED_INCLUDE_IN_FRAMEWORK_HEADER = YES;
				CLANG_WARN_RANGE_LOOP_ANALYSIS = YES;
				CLANG_WARN_STRICT_PROTOTYPES = YES;
				CLANG_WARN_SUSPICIOUS_MOVE = YES;
				CLANG_WARN_UNGUARDED_AVAILABILITY = YES_AGGRESSIVE;
				CLANG_WARN_UNREACHABLE_CODE = YES;
				CLANG_WARN__DUPLICATE_METHOD_MATCH = YES;
				COPY_PHASE_STRIP = NO;
				DEBUG_INFORMATION_FORMAT = dwarf;
				ENABLE_STRICT_OBJC_MSGSEND = YES;
				ENABLE_TESTABILITY = YES;
				GCC_C_LANGUAGE_STANDARD = gnu11;
				GCC_DYNAMIC_NO_PIC = NO;
				GCC_NO_COMMON_BLOCKS = YES;
				GCC_OPTIMIZATION_LEVEL = 0;
				GCC_PREPROCESSOR_DEFINITIONS = (
					"DEBUG=1",
					"$(inherited)",
				);
				GCC_WARN_64_TO_32_BIT_CONVERSION = YES;
				GCC_WARN_ABOUT_RETURN_TYPE = YES_ERROR;
				GCC_WARN_UNDECLARED_SELECTOR = YES;
				GCC_WARN_UNINITIALIZED_AUTOS = YES_AGGRESSIVE;
				GCC_WARN_UNUSED_FUNCTION = YES;
				GCC_WARN_UNUSED_VARIABLE = YES;
				IPHONEOS_DEPLOYMENT_TARGET = 15.0;
				MTL_ENABLE_DEBUG_INFO = INCLUDE_SOURCE;
				MTL_FAST_MATH = YES;
				ONLY_ACTIVE_ARCH = YES;
				SDKROOT = iphoneos;
				SWIFT_ACTIVE_COMPILATION_CONDITIONS = DEBUG;
				SWIFT_OPTIMIZATION_LEVEL = "-Onone";
			};
			name = Debug;
		};
		BE105F1727521FB1003BAE68 /* Release */ = {
			isa = XCBuildConfiguration;
			buildSettings = {
				ALWAYS_SEARCH_USER_PATHS = NO;
				CLANG_ANALYZER_NONNULL = YES;
				CLANG_ANALYZER_NUMBER_OBJECT_CONVERSION = YES_AGGRESSIVE;
				CLANG_CXX_LANGUAGE_STANDARD = "gnu++17";
				CLANG_CXX_LIBRARY = "libc++";
				CLANG_ENABLE_MODULES = YES;
				CLANG_ENABLE_OBJC_ARC = YES;
				CLANG_ENABLE_OBJC_WEAK = YES;
				CLANG_WARN_BLOCK_CAPTURE_AUTORELEASING = YES;
				CLANG_WARN_BOOL_CONVERSION = YES;
				CLANG_WARN_COMMA = YES;
				CLANG_WARN_CONSTANT_CONVERSION = YES;
				CLANG_WARN_DEPRECATED_OBJC_IMPLEMENTATIONS = YES;
				CLANG_WARN_DIRECT_OBJC_ISA_USAGE = YES_ERROR;
				CLANG_WARN_DOCUMENTATION_COMMENTS = YES;
				CLANG_WARN_EMPTY_BODY = YES;
				CLANG_WARN_ENUM_CONVERSION = YES;
				CLANG_WARN_INFINITE_RECURSION = YES;
				CLANG_WARN_INT_CONVERSION = YES;
				CLANG_WARN_NON_LITERAL_NULL_CONVERSION = YES;
				CLANG_WARN_OBJC_IMPLICIT_RETAIN_SELF = YES;
				CLANG_WARN_OBJC_LITERAL_CONVERSION = YES;
				CLANG_WARN_OBJC_ROOT_CLASS = YES_ERROR;
				CLANG_WARN_QUOTED_INCLUDE_IN_FRAMEWORK_HEADER = YES;
				CLANG_WARN_RANGE_LOOP_ANALYSIS = YES;
				CLANG_WARN_STRICT_PROTOTYPES = YES;
				CLANG_WARN_SUSPICIOUS_MOVE = YES;
				CLANG_WARN_UNGUARDED_AVAILABILITY = YES_AGGRESSIVE;
				CLANG_WARN_UNREACHABLE_CODE = YES;
				CLANG_WARN__DUPLICATE_METHOD_MATCH = YES;
				COPY_PHASE_STRIP = NO;
				DEBUG_INFORMATION_FORMAT = "dwarf-with-dsym";
				ENABLE_NS_ASSERTIONS = NO;
				ENABLE_STRICT_OBJC_MSGSEND = YES;
				GCC_C_LANGUAGE_STANDARD = gnu11;
				GCC_NO_COMMON_BLOCKS = YES;
				GCC_WARN_64_TO_32_BIT_CONVERSION = YES;
				GCC_WARN_ABOUT_RETURN_TYPE = YES_ERROR;
				GCC_WARN_UNDECLARED_SELECTOR = YES;
				GCC_WARN_UNINITIALIZED_AUTOS = YES_AGGRESSIVE;
				GCC_WARN_UNUSED_FUNCTION = YES;
				GCC_WARN_UNUSED_VARIABLE = YES;
				IPHONEOS_DEPLOYMENT_TARGET = 15.0;
				MTL_ENABLE_DEBUG_INFO = NO;
				MTL_FAST_MATH = YES;
				SDKROOT = iphoneos;
				SWIFT_COMPILATION_MODE = wholemodule;
				SWIFT_OPTIMIZATION_LEVEL = "-O";
				VALIDATE_PRODUCT = YES;
			};
			name = Release;
		};
		BE105F1927521FB1003BAE68 /* Debug */ = {
			isa = XCBuildConfiguration;
			buildSettings = {
				ASSETCATALOG_COMPILER_APPICON_NAME = AppIcon;
				ASSETCATALOG_COMPILER_GLOBAL_ACCENT_COLOR_NAME = AccentColor;
				CODE_SIGN_STYLE = Automatic;
				CURRENT_PROJECT_VERSION = 1;
				DEVELOPMENT_ASSET_PATHS = "\"StrangeBody/Preview Content\"";
				DEVELOPMENT_TEAM = N2HCJ99WYH;
				ENABLE_PREVIEWS = YES;
				GENERATE_INFOPLIST_FILE = YES;
				INFOPLIST_KEY_NSCameraUsageDescription = "";
				INFOPLIST_KEY_UIApplicationSupportsIndirectInputEvents = YES;
				INFOPLIST_KEY_UILaunchScreen_Generation = YES;
				INFOPLIST_KEY_UIRequiredDeviceCapabilities = arkit;
				INFOPLIST_KEY_UIStatusBarHidden = YES;
				INFOPLIST_KEY_UISupportedInterfaceOrientations_iPad = "UIInterfaceOrientationPortrait UIInterfaceOrientationPortraitUpsideDown UIInterfaceOrientationLandscapeLeft UIInterfaceOrientationLandscapeRight";
				INFOPLIST_KEY_UISupportedInterfaceOrientations_iPhone = "UIInterfaceOrientationPortrait UIInterfaceOrientationLandscapeLeft UIInterfaceOrientationLandscapeRight";
				LD_RUNPATH_SEARCH_PATHS = (
					"$(inherited)",
					"@executable_path/Frameworks",
				);
				MARKETING_VERSION = 1.0;
				PRODUCT_BUNDLE_IDENTIFIER = com.yuraist.StrangeBody;
				PRODUCT_NAME = "$(TARGET_NAME)";
				SWIFT_EMIT_LOC_STRINGS = YES;
				SWIFT_VERSION = 5.0;
				TARGETED_DEVICE_FAMILY = "1,2";
			};
			name = Debug;
		};
		BE105F1A27521FB1003BAE68 /* Release */ = {
			isa = XCBuildConfiguration;
			buildSettings = {
				ASSETCATALOG_COMPILER_APPICON_NAME = AppIcon;
				ASSETCATALOG_COMPILER_GLOBAL_ACCENT_COLOR_NAME = AccentColor;
				CODE_SIGN_STYLE = Automatic;
				CURRENT_PROJECT_VERSION = 1;
				DEVELOPMENT_ASSET_PATHS = "\"StrangeBody/Preview Content\"";
				DEVELOPMENT_TEAM = N2HCJ99WYH;
				ENABLE_PREVIEWS = YES;
				GENERATE_INFOPLIST_FILE = YES;
				INFOPLIST_KEY_NSCameraUsageDescription = "";
				INFOPLIST_KEY_UIApplicationSupportsIndirectInputEvents = YES;
				INFOPLIST_KEY_UILaunchScreen_Generation = YES;
				INFOPLIST_KEY_UIRequiredDeviceCapabilities = arkit;
				INFOPLIST_KEY_UIStatusBarHidden = YES;
				INFOPLIST_KEY_UISupportedInterfaceOrientations_iPad = "UIInterfaceOrientationPortrait UIInterfaceOrientationPortraitUpsideDown UIInterfaceOrientationLandscapeLeft UIInterfaceOrientationLandscapeRight";
				INFOPLIST_KEY_UISupportedInterfaceOrientations_iPhone = "UIInterfaceOrientationPortrait UIInterfaceOrientationLandscapeLeft UIInterfaceOrientationLandscapeRight";
				LD_RUNPATH_SEARCH_PATHS = (
					"$(inherited)",
					"@executable_path/Frameworks",
				);
				MARKETING_VERSION = 1.0;
				PRODUCT_BUNDLE_IDENTIFIER = com.yuraist.StrangeBody;
				PRODUCT_NAME = "$(TARGET_NAME)";
				SWIFT_EMIT_LOC_STRINGS = YES;
				SWIFT_VERSION = 5.0;
				TARGETED_DEVICE_FAMILY = "1,2";
			};
			name = Release;
		};
/* End XCBuildConfiguration section */

/* Begin XCConfigurationList section */
		BE105F0327521FB0003BAE68 /* Build configuration list for PBXProject "StrangeBody" */ = {
			isa = XCConfigurationList;
			buildConfigurations = (
				BE105F1627521FB1003BAE68 /* Debug */,
				BE105F1727521FB1003BAE68 /* Release */,
			);
			defaultConfigurationIsVisible = 0;
			defaultConfigurationName = Release;
		};
		BE105F1827521FB1003BAE68 /* Build configuration list for PBXNativeTarget "StrangeBody" */ = {
			isa = XCConfigurationList;
			buildConfigurations = (
				BE105F1927521FB1003BAE68 /* Debug */,
				BE105F1A27521FB1003BAE68 /* Release */,
			);
			defaultConfigurationIsVisible = 0;
			defaultConfigurationName = Release;
		};
/* End XCConfigurationList section */
	};
	rootObject = BE105F0027521FB0003BAE68 /* Project object */;
}
