// !$*UTF8*$!
{
	archiveVersion = 1;
	classes = {
	};
	objectVersion = 55;
	objects = {

/* Begin PBXBuildFile section */
		BE005F47275557F700448CE4 /* ControlView.swift in Sources */ = {isa = PBXBuildFile; fileRef = BE005F46275557F700448CE4 /* ControlView.swift */; };
		BE105F0C27521FB0003BAE68 /* AppDelegate.swift in Sources */ = {isa = PBXBuildFile; fileRef = BE105F0B27521FB0003BAE68 /* AppDelegate.swift */; };
		BE105F0E27521FB0003BAE68 /* ContentView.swift in Sources */ = {isa = PBXBuildFile; fileRef = BE105F0D27521FB0003BAE68 /* ContentView.swift */; };
		BE105F1227521FB1003BAE68 /* Assets.xcassets in Resources */ = {isa = PBXBuildFile; fileRef = BE105F1127521FB1003BAE68 /* Assets.xcassets */; };
		BE105F1527521FB1003BAE68 /* Preview Assets.xcassets in Resources */ = {isa = PBXBuildFile; fileRef = BE105F1427521FB1003BAE68 /* Preview Assets.xcassets */; };
		BE105F1C275220EC003BAE68 /* ARBodyViewContainer.swift in Sources */ = {isa = PBXBuildFile; fileRef = BE105F1B275220EC003BAE68 /* ARBodyViewContainer.swift */; };
		BE105F1E275220F9003BAE68 /* ARBodyView.swift in Sources */ = {isa = PBXBuildFile; fileRef = BE105F1D275220F9003BAE68 /* ARBodyView.swift */; };
		BE105F2027522435003BAE68 /* BodySkeleton.swift in Sources */ = {isa = PBXBuildFile; fileRef = BE105F1F27522435003BAE68 /* BodySkeleton.swift */; };
		BE105F42275238C0003BAE68 /* SceneView.swift in Sources */ = {isa = PBXBuildFile; fileRef = BE105F41275238C0003BAE68 /* SceneView.swift */; };
		BE105F47275241A0003BAE68 /* Plane.swift in Sources */ = {isa = PBXBuildFile; fileRef = BE105F46275241A0003BAE68 /* Plane.swift */; };
		BE4859DA2790222400955031 /* Pig.usdz in Resources */ = {isa = PBXBuildFile; fileRef = BE4859D72790222400955031 /* Pig.usdz */; };
		BE4859DB2790222400955031 /* Teapot.usdz in Resources */ = {isa = PBXBuildFile; fileRef = BE4859D82790222400955031 /* Teapot.usdz */; };
		BE4859DC2790222400955031 /* Gramophone.usdz in Resources */ = {isa = PBXBuildFile; fileRef = BE4859D92790222400955031 /* Gramophone.usdz */; };
		BE4859DF279022A600955031 /* QuickLookViewController.swift in Sources */ = {isa = PBXBuildFile; fileRef = BE4859DE279022A600955031 /* QuickLookViewController.swift */; };
		BE4AA2A5277A2080003F52F4 /* BrowseView.swift in Sources */ = {isa = PBXBuildFile; fileRef = BE4AA2A4277A2080003F52F4 /* BrowseView.swift */; };
		BE4AA2A7277A2BA3003F52F4 /* Model.swift in Sources */ = {isa = PBXBuildFile; fileRef = BE4AA2A6277A2BA3003F52F4 /* Model.swift */; };
		BE854874278EBB9700482EC0 /* ARTankViewContainer.swift in Sources */ = {isa = PBXBuildFile; fileRef = BE854873278EBB9700482EC0 /* ARTankViewContainer.swift */; };
		BE854878278EBD0400482EC0 /* TinyToyTank.rcproject in Sources */ = {isa = PBXBuildFile; fileRef = BE854877278EBD0400482EC0 /* TinyToyTank.rcproject */; };
		BE85487A278EBDE100482EC0 /* ARViewController.swift in Sources */ = {isa = PBXBuildFile; fileRef = BE854879278EBDE100482EC0 /* ARViewController.swift */; };
		BECF9EBF2784C3AE0085A28E /* Airplane.reality in Resources */ = {isa = PBXBuildFile; fileRef = BE61564E277C6A3000B4CC09 /* Airplane.reality */; };
		BECF9EC02784C5270085A28E /* RedWhiteChair.reality in Resources */ = {isa = PBXBuildFile; fileRef = BE615654277C6A3100B4CC09 /* RedWhiteChair.reality */; };
		BECF9EC12784C5270085A28E /* DefaultChair.reality in Resources */ = {isa = PBXBuildFile; fileRef = BE615652277C6A3100B4CC09 /* DefaultChair.reality */; };
		BECF9EC22784C5270085A28E /* Flower.reality in Resources */ = {isa = PBXBuildFile; fileRef = BE615655277C6A3100B4CC09 /* Flower.reality */; };
		BECF9EC32784C5270085A28E /* LeatherSofa.reality in Resources */ = {isa = PBXBuildFile; fileRef = BE615651277C6A3100B4CC09 /* LeatherSofa.reality */; };
		BECF9EC42784C5270085A28E /* BucketsShelf.reality in Resources */ = {isa = PBXBuildFile; fileRef = BE615656277C6A3300B4CC09 /* BucketsShelf.reality */; };
		BECF9EC52784C5270085A28E /* Robot.reality in Resources */ = {isa = PBXBuildFile; fileRef = BE61564F277C6A3000B4CC09 /* Robot.reality */; };
		BECF9EC62784C5270085A28E /* Cactus.reality in Resources */ = {isa = PBXBuildFile; fileRef = BE615650277C6A3100B4CC09 /* Cactus.reality */; };
		BECF9EC92784E04B0085A28E /* Trash.usdz in Resources */ = {isa = PBXBuildFile; fileRef = BECF9EC82784E04B0085A28E /* Trash.usdz */; };
		BECF9ECB278597060085A28E /* PlacementSettings.swift in Sources */ = {isa = PBXBuildFile; fileRef = BECF9ECA278597060085A28E /* PlacementSettings.swift */; };
		BECF9ECD278599420085A28E /* PlacementView.swift in Sources */ = {isa = PBXBuildFile; fileRef = BECF9ECC278599420085A28E /* PlacementView.swift */; };
		BECF9ED027859D840085A28E /* FocusEntity in Frameworks */ = {isa = PBXBuildFile; productRef = BECF9ECF27859D840085A28E /* FocusEntity */; };
		BECF9ED227859DAE0085A28E /* CustomARView.swift in Sources */ = {isa = PBXBuildFile; fileRef = BECF9ED127859DAE0085A28E /* CustomARView.swift */; };
		BECF9ED427859E680085A28E /* ARViewContainer.swift in Sources */ = {isa = PBXBuildFile; fileRef = BECF9ED327859E680085A28E /* ARViewContainer.swift */; };
		BECF9ED62785B62B0085A28E /* SessionSettings.swift in Sources */ = {isa = PBXBuildFile; fileRef = BECF9ED52785B62B0085A28E /* SessionSettings.swift */; };
		BECF9ED82785B81F0085A28E /* SettingsView.swift in Sources */ = {isa = PBXBuildFile; fileRef = BECF9ED72785B81F0085A28E /* SettingsView.swift */; };
/* End PBXBuildFile section */

/* Begin PBXFileReference section */
		BE005F46275557F700448CE4 /* ControlView.swift */ = {isa = PBXFileReference; lastKnownFileType = sourcecode.swift; path = ControlView.swift; sourceTree = "<group>"; };
		BE105F0827521FB0003BAE68 /* StrangeBody.app */ = {isa = PBXFileReference; explicitFileType = wrapper.application; includeInIndex = 0; path = StrangeBody.app; sourceTree = BUILT_PRODUCTS_DIR; };
		BE105F0B27521FB0003BAE68 /* AppDelegate.swift */ = {isa = PBXFileReference; lastKnownFileType = sourcecode.swift; path = AppDelegate.swift; sourceTree = "<group>"; };
		BE105F0D27521FB0003BAE68 /* ContentView.swift */ = {isa = PBXFileReference; lastKnownFileType = sourcecode.swift; path = ContentView.swift; sourceTree = "<group>"; };
		BE105F1127521FB1003BAE68 /* Assets.xcassets */ = {isa = PBXFileReference; lastKnownFileType = folder.assetcatalog; path = Assets.xcassets; sourceTree = "<group>"; };
		BE105F1427521FB1003BAE68 /* Preview Assets.xcassets */ = {isa = PBXFileReference; lastKnownFileType = folder.assetcatalog; path = "Preview Assets.xcassets"; sourceTree = "<group>"; };
		BE105F1B275220EC003BAE68 /* ARBodyViewContainer.swift */ = {isa = PBXFileReference; lastKnownFileType = sourcecode.swift; path = ARBodyViewContainer.swift; sourceTree = "<group>"; };
		BE105F1D275220F9003BAE68 /* ARBodyView.swift */ = {isa = PBXFileReference; lastKnownFileType = sourcecode.swift; path = ARBodyView.swift; sourceTree = "<group>"; };
		BE105F1F27522435003BAE68 /* BodySkeleton.swift */ = {isa = PBXFileReference; lastKnownFileType = sourcecode.swift; path = BodySkeleton.swift; sourceTree = "<group>"; };
		BE105F41275238C0003BAE68 /* SceneView.swift */ = {isa = PBXFileReference; lastKnownFileType = sourcecode.swift; path = SceneView.swift; sourceTree = "<group>"; };
		BE105F46275241A0003BAE68 /* Plane.swift */ = {isa = PBXFileReference; lastKnownFileType = sourcecode.swift; path = Plane.swift; sourceTree = "<group>"; };
		BE4859D72790222400955031 /* Pig.usdz */ = {isa = PBXFileReference; lastKnownFileType = file.usdz; path = Pig.usdz; sourceTree = "<group>"; };
		BE4859D82790222400955031 /* Teapot.usdz */ = {isa = PBXFileReference; lastKnownFileType = file.usdz; path = Teapot.usdz; sourceTree = "<group>"; };
		BE4859D92790222400955031 /* Gramophone.usdz */ = {isa = PBXFileReference; lastKnownFileType = file.usdz; path = Gramophone.usdz; sourceTree = "<group>"; };
		BE4859DE279022A600955031 /* QuickLookViewController.swift */ = {isa = PBXFileReference; lastKnownFileType = sourcecode.swift; path = QuickLookViewController.swift; sourceTree = "<group>"; };
		BE4AA2A4277A2080003F52F4 /* BrowseView.swift */ = {isa = PBXFileReference; lastKnownFileType = sourcecode.swift; path = BrowseView.swift; sourceTree = "<group>"; };
		BE4AA2A6277A2BA3003F52F4 /* Model.swift */ = {isa = PBXFileReference; lastKnownFileType = sourcecode.swift; path = Model.swift; sourceTree = "<group>"; };
		BE61564E277C6A3000B4CC09 /* Airplane.reality */ = {isa = PBXFileReference; lastKnownFileType = file; path = Airplane.reality; sourceTree = "<group>"; };
		BE61564F277C6A3000B4CC09 /* Robot.reality */ = {isa = PBXFileReference; lastKnownFileType = file; path = Robot.reality; sourceTree = "<group>"; };
		BE615650277C6A3100B4CC09 /* Cactus.reality */ = {isa = PBXFileReference; lastKnownFileType = file; path = Cactus.reality; sourceTree = "<group>"; };
		BE615651277C6A3100B4CC09 /* LeatherSofa.reality */ = {isa = PBXFileReference; lastKnownFileType = file; path = LeatherSofa.reality; sourceTree = "<group>"; };
		BE615652277C6A3100B4CC09 /* DefaultChair.reality */ = {isa = PBXFileReference; lastKnownFileType = file; path = DefaultChair.reality; sourceTree = "<group>"; };
		BE615654277C6A3100B4CC09 /* RedWhiteChair.reality */ = {isa = PBXFileReference; lastKnownFileType = file; path = RedWhiteChair.reality; sourceTree = "<group>"; };
		BE615655277C6A3100B4CC09 /* Flower.reality */ = {isa = PBXFileReference; lastKnownFileType = file; path = Flower.reality; sourceTree = "<group>"; };
		BE615656277C6A3300B4CC09 /* BucketsShelf.reality */ = {isa = PBXFileReference; lastKnownFileType = file; path = BucketsShelf.reality; sourceTree = "<group>"; };
		BE854873278EBB9700482EC0 /* ARTankViewContainer.swift */ = {isa = PBXFileReference; lastKnownFileType = sourcecode.swift; path = ARTankViewContainer.swift; sourceTree = "<group>"; };
		BE854877278EBD0400482EC0 /* TinyToyTank.rcproject */ = {isa = PBXFileReference; lastKnownFileType = file.rcproject; path = TinyToyTank.rcproject; sourceTree = "<group>"; };
		BE854879278EBDE100482EC0 /* ARViewController.swift */ = {isa = PBXFileReference; lastKnownFileType = sourcecode.swift; path = ARViewController.swift; sourceTree = "<group>"; };
		BECF9EC82784E04B0085A28E /* Trash.usdz */ = {isa = PBXFileReference; lastKnownFileType = file.usdz; path = Trash.usdz; sourceTree = "<group>"; };
		BECF9ECA278597060085A28E /* PlacementSettings.swift */ = {isa = PBXFileReference; lastKnownFileType = sourcecode.swift; path = PlacementSettings.swift; sourceTree = "<group>"; };
		BECF9ECC278599420085A28E /* PlacementView.swift */ = {isa = PBXFileReference; lastKnownFileType = sourcecode.swift; path = PlacementView.swift; sourceTree = "<group>"; };
		BECF9ED127859DAE0085A28E /* CustomARView.swift */ = {isa = PBXFileReference; lastKnownFileType = sourcecode.swift; path = CustomARView.swift; sourceTree = "<group>"; };
		BECF9ED327859E680085A28E /* ARViewContainer.swift */ = {isa = PBXFileReference; lastKnownFileType = sourcecode.swift; path = ARViewContainer.swift; sourceTree = "<group>"; };
		BECF9ED52785B62B0085A28E /* SessionSettings.swift */ = {isa = PBXFileReference; lastKnownFileType = sourcecode.swift; path = SessionSettings.swift; sourceTree = "<group>"; };
		BECF9ED72785B81F0085A28E /* SettingsView.swift */ = {isa = PBXFileReference; lastKnownFileType = sourcecode.swift; path = SettingsView.swift; sourceTree = "<group>"; };
/* End PBXFileReference section */

/* Begin PBXFrameworksBuildPhase section */
		BE105F0527521FB0003BAE68 /* Frameworks */ = {
			isa = PBXFrameworksBuildPhase;
			buildActionMask = 2147483647;
			files = (
				BECF9ED027859D840085A28E /* FocusEntity in Frameworks */,
			);
			runOnlyForDeploymentPostprocessing = 0;
		};
/* End PBXFrameworksBuildPhase section */

/* Begin PBXGroup section */
		BE105EFF27521FB0003BAE68 = {
			isa = PBXGroup;
			children = (
				BE105F0A27521FB0003BAE68 /* StrangeBody */,
				BE105F0927521FB0003BAE68 /* Products */,
			);
			sourceTree = "<group>";
		};
		BE105F0927521FB0003BAE68 /* Products */ = {
			isa = PBXGroup;
			children = (
				BE105F0827521FB0003BAE68 /* StrangeBody.app */,
			);
			name = Products;
			sourceTree = "<group>";
		};
		BE105F0A27521FB0003BAE68 /* StrangeBody */ = {
			isa = PBXGroup;
			children = (
				BE105F0B27521FB0003BAE68 /* AppDelegate.swift */,
				BE4859DD2790222E00955031 /* ARQuickLook */,
				BE854870278EB9BE00482EC0 /* Tank */,
				BE105F4A2752B61F003BAE68 /* Reality */,
				BE105F0D27521FB0003BAE68 /* ContentView.swift */,
				BE005F46275557F700448CE4 /* ControlView.swift */,
				BE4AA2A4277A2080003F52F4 /* BrowseView.swift */,
				BECF9ECC278599420085A28E /* PlacementView.swift */,
				BECF9ED72785B81F0085A28E /* SettingsView.swift */,
				BECF9ED127859DAE0085A28E /* CustomARView.swift */,
				BECF9ED327859E680085A28E /* ARViewContainer.swift */,
				BECF9ECA278597060085A28E /* PlacementSettings.swift */,
				BECF9ED52785B62B0085A28E /* SessionSettings.swift */,
				BE4AA2A6277A2BA3003F52F4 /* Model.swift */,
				BE105F4327523BD3003BAE68 /* Objects */,
				BE105F21275235BD003BAE68 /* Body */,
				BE105F1127521FB1003BAE68 /* Assets.xcassets */,
				BE105F1327521FB1003BAE68 /* Preview Content */,
			);
			path = StrangeBody;
			sourceTree = "<group>";
		};
		BE105F1327521FB1003BAE68 /* Preview Content */ = {
			isa = PBXGroup;
			children = (
				BE105F1427521FB1003BAE68 /* Preview Assets.xcassets */,
			);
			path = "Preview Content";
			sourceTree = "<group>";
		};
		BE105F21275235BD003BAE68 /* Body */ = {
			isa = PBXGroup;
			children = (
				BE105F1B275220EC003BAE68 /* ARBodyViewContainer.swift */,
				BE105F1D275220F9003BAE68 /* ARBodyView.swift */,
				BE105F1F27522435003BAE68 /* BodySkeleton.swift */,
			);
			path = Body;
			sourceTree = "<group>";
		};
		BE105F4327523BD3003BAE68 /* Objects */ = {
			isa = PBXGroup;
			children = (
				BE105F41275238C0003BAE68 /* SceneView.swift */,
				BE105F46275241A0003BAE68 /* Plane.swift */,
			);
			path = Objects;
			sourceTree = "<group>";
		};
		BE105F4A2752B61F003BAE68 /* Reality */ = {
			isa = PBXGroup;
			children = (
				BE61564E277C6A3000B4CC09 /* Airplane.reality */,
				BE615656277C6A3300B4CC09 /* BucketsShelf.reality */,
				BE615650277C6A3100B4CC09 /* Cactus.reality */,
				BE615652277C6A3100B4CC09 /* DefaultChair.reality */,
				BE615655277C6A3100B4CC09 /* Flower.reality */,
				BE615651277C6A3100B4CC09 /* LeatherSofa.reality */,
				BE615654277C6A3100B4CC09 /* RedWhiteChair.reality */,
				BE61564F277C6A3000B4CC09 /* Robot.reality */,
				BECF9EC82784E04B0085A28E /* Trash.usdz */,
			);
			path = Reality;
			sourceTree = "<group>";
		};
		BE4859D62790222400955031 /* Models */ = {
			isa = PBXGroup;
			children = (
				BE4859D72790222400955031 /* Pig.usdz */,
				BE4859D82790222400955031 /* Teapot.usdz */,
				BE4859D92790222400955031 /* Gramophone.usdz */,
			);
			path = Models;
			sourceTree = "<group>";
		};
		BE4859DD2790222E00955031 /* ARQuickLook */ = {
			isa = PBXGroup;
			children = (
				BE4859D62790222400955031 /* Models */,
				BE4859DE279022A600955031 /* QuickLookViewController.swift */,
			);
			path = ARQuickLook;
			sourceTree = "<group>";
		};
		BE854870278EB9BE00482EC0 /* Tank */ = {
			isa = PBXGroup;
			children = (
				BE854877278EBD0400482EC0 /* TinyToyTank.rcproject */,
				BE854873278EBB9700482EC0 /* ARTankViewContainer.swift */,
				BE854879278EBDE100482EC0 /* ARViewController.swift */,
			);
			path = Tank;
			sourceTree = "<group>";
		};
/* End PBXGroup section */

/* Begin PBXNativeTarget section */
		BE105F0727521FB0003BAE68 /* StrangeBody */ = {
			isa = PBXNativeTarget;
			buildConfigurationList = BE105F1827521FB1003BAE68 /* Build configuration list for PBXNativeTarget "StrangeBody" */;
			buildPhases = (
				BE105F0427521FB0003BAE68 /* Sources */,
				BE105F0527521FB0003BAE68 /* Frameworks */,
				BE105F0627521FB0003BAE68 /* Resources */,
			);
			buildRules = (
			);
			dependencies = (
			);
			name = StrangeBody;
			packageProductDependencies = (
				BECF9ECF27859D840085A28E /* FocusEntity */,
			);
			productName = StrangeBody;
			productReference = BE105F0827521FB0003BAE68 /* StrangeBody.app */;
			productType = "com.apple.product-type.application";
		};
/* End PBXNativeTarget section */

/* Begin PBXProject section */
		BE105F0027521FB0003BAE68 /* Project object */ = {
			isa = PBXProject;
			attributes = {
				BuildIndependentTargetsInParallel = 1;
				LastSwiftUpdateCheck = 1310;
				LastUpgradeCheck = 1310;
				TargetAttributes = {
					BE105F0727521FB0003BAE68 = {
						CreatedOnToolsVersion = 13.1;
					};
				};
			};
			buildConfigurationList = BE105F0327521FB0003BAE68 /* Build configuration list for PBXProject "StrangeBody" */;
			compatibilityVersion = "Xcode 13.0";
			developmentRegion = en;
			hasScannedForEncodings = 0;
			knownRegions = (
				en,
				Base,
			);
			mainGroup = BE105EFF27521FB0003BAE68;
			packageReferences = (
				BECF9ECE27859D840085A28E /* XCRemoteSwiftPackageReference "FocusEntity" */,
			);
			productRefGroup = BE105F0927521FB0003BAE68 /* Products */;
			projectDirPath = "";
			projectRoot = "";
			targets = (
				BE105F0727521FB0003BAE68 /* StrangeBody */,
			);
		};
/* End PBXProject section */

/* Begin PBXResourcesBuildPhase section */
		BE105F0627521FB0003BAE68 /* Resources */ = {
			isa = PBXResourcesBuildPhase;
			buildActionMask = 2147483647;
			files = (
				BE4859DA2790222400955031 /* Pig.usdz in Resources */,
				BE4859DB2790222400955031 /* Teapot.usdz in Resources */,
				BECF9EC02784C5270085A28E /* RedWhiteChair.reality in Resources */,
				BE105F1527521FB1003BAE68 /* Preview Assets.xcassets in Resources */,
				BECF9EC32784C5270085A28E /* LeatherSofa.reality in Resources */,
				BECF9EC62784C5270085A28E /* Cactus.reality in Resources */,
				BE105F1227521FB1003BAE68 /* Assets.xcassets in Resources */,
				BECF9EC52784C5270085A28E /* Robot.reality in Resources */,
				BECF9EC12784C5270085A28E /* DefaultChair.reality in Resources */,
				BECF9EBF2784C3AE0085A28E /* Airplane.reality in Resources */,
				BECF9EC92784E04B0085A28E /* Trash.usdz in Resources */,
				BECF9EC22784C5270085A28E /* Flower.reality in Resources */,
				BECF9EC42784C5270085A28E /* BucketsShelf.reality in Resources */,
				BE4859DC2790222400955031 /* Gramophone.usdz in Resources */,
			);
			runOnlyForDeploymentPostprocessing = 0;
		};
/* End PBXResourcesBuildPhase section */

/* Begin PBXSourcesBuildPhase section */
		BE105F0427521FB0003BAE68 /* Sources */ = {
			isa = PBXSourcesBuildPhase;
			buildActionMask = 2147483647;
			files = (
				BE005F47275557F700448CE4 /* ControlView.swift in Sources */,
				BE4859DF279022A600955031 /* QuickLookViewController.swift in Sources */,
				BE4AA2A5277A2080003F52F4 /* BrowseView.swift in Sources */,
				BECF9ECD278599420085A28E /* PlacementView.swift in Sources */,
				BECF9ED427859E680085A28E /* ARViewContainer.swift in Sources */,
				BE105F0E27521FB0003BAE68 /* ContentView.swift in Sources */,
				BE854878278EBD0400482EC0 /* TinyToyTank.rcproject in Sources */,
				BE105F1C275220EC003BAE68 /* ARBodyViewContainer.swift in Sources */,
				BE105F2027522435003BAE68 /* BodySkeleton.swift in Sources */,
				BE4AA2A7277A2BA3003F52F4 /* Model.swift in Sources */,
				BECF9ECB278597060085A28E /* PlacementSettings.swift in Sources */,
				BECF9ED82785B81F0085A28E /* SettingsView.swift in Sources */,
				BE105F0C27521FB0003BAE68 /* AppDelegate.swift in Sources */,
				BE854874278EBB9700482EC0 /* ARTankViewContainer.swift in Sources */,
				BE105F1E275220F9003BAE68 /* ARBodyView.swift in Sources */,
				BE85487A278EBDE100482EC0 /* ARViewController.swift in Sources */,
				BECF9ED62785B62B0085A28E /* SessionSettings.swift in Sources */,
				BE105F42275238C0003BAE68 /* SceneView.swift in Sources */,
				BE105F47275241A0003BAE68 /* Plane.swift in Sources */,
				BECF9ED227859DAE0085A28E /* CustomARView.swift in Sources */,
			);
			runOnlyForDeploymentPostprocessing = 0;
		};
/* End PBXSourcesBuildPhase section */

/* Begin XCBuildConfiguration section */
		BE105F1627521FB1003BAE68 /* Debug */ = {
			isa = XCBuildConfiguration;
			buildSettings = {
				ALWAYS_SEARCH_USER_PATHS = NO;
				CLANG_ANALYZER_NONNULL = YES;
				CLANG_ANALYZER_NUMBER_OBJECT_CONVERSION = YES_AGGRESSIVE;
				CLANG_CXX_LANGUAGE_STANDARD = "gnu++17";
				CLANG_CXX_LIBRARY = "libc++";
				CLANG_ENABLE_MODULES = YES;
				CLANG_ENABLE_OBJC_ARC = YES;
				CLANG_ENABLE_OBJC_WEAK = YES;
				CLANG_WARN_BLOCK_CAPTURE_AUTORELEASING = YES;
				CLANG_WARN_BOOL_CONVERSION = YES;
				CLANG_WARN_COMMA = YES;
				CLANG_WARN_CONSTANT_CONVERSION = YES;
				CLANG_WARN_DEPRECATED_OBJC_IMPLEMENTATIONS = YES;
				CLANG_WARN_DIRECT_OBJC_ISA_USAGE = YES_ERROR;
				CLANG_WARN_DOCUMENTATION_COMMENTS = YES;
				CLANG_WARN_EMPTY_BODY = YES;
				CLANG_WARN_ENUM_CONVERSION = YES;
				CLANG_WARN_INFINITE_RECURSION = YES;
				CLANG_WARN_INT_CONVERSION = YES;
				CLANG_WARN_NON_LITERAL_NULL_CONVERSION = YES;
				CLANG_WARN_OBJC_IMPLICIT_RETAIN_SELF = YES;
				CLANG_WARN_OBJC_LITERAL_CONVERSION = YES;
				CLANG_WARN_OBJC_ROOT_CLASS = YES_ERROR;
				CLANG_WARN_QUOTED_INCLUDE_IN_FRAMEWORK_HEADER = YES;
				CLANG_WARN_RANGE_LOOP_ANALYSIS = YES;
				CLANG_WARN_STRICT_PROTOTYPES = YES;
				CLANG_WARN_SUSPICIOUS_MOVE = YES;
				CLANG_WARN_UNGUARDED_AVAILABILITY = YES_AGGRESSIVE;
				CLANG_WARN_UNREACHABLE_CODE = YES;
				CLANG_WARN__DUPLICATE_METHOD_MATCH = YES;
				COPY_PHASE_STRIP = NO;
				DEBUG_INFORMATION_FORMAT = dwarf;
				ENABLE_STRICT_OBJC_MSGSEND = YES;
				ENABLE_TESTABILITY = YES;
				GCC_C_LANGUAGE_STANDARD = gnu11;
				GCC_DYNAMIC_NO_PIC = NO;
				GCC_NO_COMMON_BLOCKS = YES;
				GCC_OPTIMIZATION_LEVEL = 0;
				GCC_PREPROCESSOR_DEFINITIONS = (
					"DEBUG=1",
					"$(inherited)",
				);
				GCC_WARN_64_TO_32_BIT_CONVERSION = YES;
				GCC_WARN_ABOUT_RETURN_TYPE = YES_ERROR;
				GCC_WARN_UNDECLARED_SELECTOR = YES;
				GCC_WARN_UNINITIALIZED_AUTOS = YES_AGGRESSIVE;
				GCC_WARN_UNUSED_FUNCTION = YES;
				GCC_WARN_UNUSED_VARIABLE = YES;
				IPHONEOS_DEPLOYMENT_TARGET = 15.0;
				MTL_ENABLE_DEBUG_INFO = INCLUDE_SOURCE;
				MTL_FAST_MATH = YES;
				ONLY_ACTIVE_ARCH = YES;
				SDKROOT = iphoneos;
				SWIFT_ACTIVE_COMPILATION_CONDITIONS = DEBUG;
				SWIFT_OPTIMIZATION_LEVEL = "-Onone";
			};
			name = Debug;
		};
		BE105F1727521FB1003BAE68 /* Release */ = {
			isa = XCBuildConfiguration;
			buildSettings = {
				ALWAYS_SEARCH_USER_PATHS = NO;
				CLANG_ANALYZER_NONNULL = YES;
				CLANG_ANALYZER_NUMBER_OBJECT_CONVERSION = YES_AGGRESSIVE;
				CLANG_CXX_LANGUAGE_STANDARD = "gnu++17";
				CLANG_CXX_LIBRARY = "libc++";
				CLANG_ENABLE_MODULES = YES;
				CLANG_ENABLE_OBJC_ARC = YES;
				CLANG_ENABLE_OBJC_WEAK = YES;
				CLANG_WARN_BLOCK_CAPTURE_AUTORELEASING = YES;
				CLANG_WARN_BOOL_CONVERSION = YES;
				CLANG_WARN_COMMA = YES;
				CLANG_WARN_CONSTANT_CONVERSION = YES;
				CLANG_WARN_DEPRECATED_OBJC_IMPLEMENTATIONS = YES;
				CLANG_WARN_DIRECT_OBJC_ISA_USAGE = YES_ERROR;
				CLANG_WARN_DOCUMENTATION_COMMENTS = YES;
				CLANG_WARN_EMPTY_BODY = YES;
				CLANG_WARN_ENUM_CONVERSION = YES;
				CLANG_WARN_INFINITE_RECURSION = YES;
				CLANG_WARN_INT_CONVERSION = YES;
				CLANG_WARN_NON_LITERAL_NULL_CONVERSION = YES;
				CLANG_WARN_OBJC_IMPLICIT_RETAIN_SELF = YES;
				CLANG_WARN_OBJC_LITERAL_CONVERSION = YES;
				CLANG_WARN_OBJC_ROOT_CLASS = YES_ERROR;
				CLANG_WARN_QUOTED_INCLUDE_IN_FRAMEWORK_HEADER = YES;
				CLANG_WARN_RANGE_LOOP_ANALYSIS = YES;
				CLANG_WARN_STRICT_PROTOTYPES = YES;
				CLANG_WARN_SUSPICIOUS_MOVE = YES;
				CLANG_WARN_UNGUARDED_AVAILABILITY = YES_AGGRESSIVE;
				CLANG_WARN_UNREACHABLE_CODE = YES;
				CLANG_WARN__DUPLICATE_METHOD_MATCH = YES;
				COPY_PHASE_STRIP = NO;
				DEBUG_INFORMATION_FORMAT = "dwarf-with-dsym";
				ENABLE_NS_ASSERTIONS = NO;
				ENABLE_STRICT_OBJC_MSGSEND = YES;
				GCC_C_LANGUAGE_STANDARD = gnu11;
				GCC_NO_COMMON_BLOCKS = YES;
				GCC_WARN_64_TO_32_BIT_CONVERSION = YES;
				GCC_WARN_ABOUT_RETURN_TYPE = YES_ERROR;
				GCC_WARN_UNDECLARED_SELECTOR = YES;
				GCC_WARN_UNINITIALIZED_AUTOS = YES_AGGRESSIVE;
				GCC_WARN_UNUSED_FUNCTION = YES;
				GCC_WARN_UNUSED_VARIABLE = YES;
				IPHONEOS_DEPLOYMENT_TARGET = 15.0;
				MTL_ENABLE_DEBUG_INFO = NO;
				MTL_FAST_MATH = YES;
				SDKROOT = iphoneos;
				SWIFT_COMPILATION_MODE = wholemodule;
				SWIFT_OPTIMIZATION_LEVEL = "-O";
				VALIDATE_PRODUCT = YES;
			};
			name = Release;
		};
		BE105F1927521FB1003BAE68 /* Debug */ = {
			isa = XCBuildConfiguration;
			buildSettings = {
				ASSETCATALOG_COMPILER_APPICON_NAME = AppIcon;
				ASSETCATALOG_COMPILER_GLOBAL_ACCENT_COLOR_NAME = AccentColor;
				CODE_SIGN_STYLE = Automatic;
				CURRENT_PROJECT_VERSION = 1;
				DEVELOPMENT_ASSET_PATHS = "\"StrangeBody/Preview Content\"";
				DEVELOPMENT_TEAM = N2HCJ99WYH;
				ENABLE_PREVIEWS = YES;
				GENERATE_INFOPLIST_FILE = YES;
				INFOPLIST_KEY_NSCameraUsageDescription = "To use Augmented Reality, this app needs the access to your camera.";
				INFOPLIST_KEY_UIApplicationSupportsIndirectInputEvents = YES;
				INFOPLIST_KEY_UILaunchScreen_Generation = YES;
				INFOPLIST_KEY_UIRequiredDeviceCapabilities = arkit;
				INFOPLIST_KEY_UIStatusBarHidden = YES;
				INFOPLIST_KEY_UISupportedInterfaceOrientations_iPad = "UIInterfaceOrientationPortrait UIInterfaceOrientationPortraitUpsideDown UIInterfaceOrientationLandscapeLeft UIInterfaceOrientationLandscapeRight";
				INFOPLIST_KEY_UISupportedInterfaceOrientations_iPhone = "UIInterfaceOrientationPortrait UIInterfaceOrientationLandscapeLeft UIInterfaceOrientationLandscapeRight";
				LD_RUNPATH_SEARCH_PATHS = (
					"$(inherited)",
					"@executable_path/Frameworks",
				);
				MARKETING_VERSION = 1.0;
				PRODUCT_BUNDLE_IDENTIFIER = com.yuraist.StrangeBody;
				PRODUCT_NAME = "$(TARGET_NAME)";
				SWIFT_EMIT_LOC_STRINGS = YES;
				SWIFT_VERSION = 5.0;
				TARGETED_DEVICE_FAMILY = "1,2";
			};
			name = Debug;
		};
		BE105F1A27521FB1003BAE68 /* Release */ = {
			isa = XCBuildConfiguration;
			buildSettings = {
				ASSETCATALOG_COMPILER_APPICON_NAME = AppIcon;
				ASSETCATALOG_COMPILER_GLOBAL_ACCENT_COLOR_NAME = AccentColor;
				CODE_SIGN_STYLE = Automatic;
				CURRENT_PROJECT_VERSION = 1;
				DEVELOPMENT_ASSET_PATHS = "\"StrangeBody/Preview Content\"";
				DEVELOPMENT_TEAM = N2HCJ99WYH;
				ENABLE_PREVIEWS = YES;
				GENERATE_INFOPLIST_FILE = YES;
				INFOPLIST_KEY_NSCameraUsageDescription = "To use Augmented Reality, this app needs the access to your camera.";
				INFOPLIST_KEY_UIApplicationSupportsIndirectInputEvents = YES;
				INFOPLIST_KEY_UILaunchScreen_Generation = YES;
				INFOPLIST_KEY_UIRequiredDeviceCapabilities = arkit;
				INFOPLIST_KEY_UIStatusBarHidden = YES;
				INFOPLIST_KEY_UISupportedInterfaceOrientations_iPad = "UIInterfaceOrientationPortrait UIInterfaceOrientationPortraitUpsideDown UIInterfaceOrientationLandscapeLeft UIInterfaceOrientationLandscapeRight";
				INFOPLIST_KEY_UISupportedInterfaceOrientations_iPhone = "UIInterfaceOrientationPortrait UIInterfaceOrientationLandscapeLeft UIInterfaceOrientationLandscapeRight";
				LD_RUNPATH_SEARCH_PATHS = (
					"$(inherited)",
					"@executable_path/Frameworks",
				);
				MARKETING_VERSION = 1.0;
				PRODUCT_BUNDLE_IDENTIFIER = com.yuraist.StrangeBody;
				PRODUCT_NAME = "$(TARGET_NAME)";
				SWIFT_EMIT_LOC_STRINGS = YES;
				SWIFT_VERSION = 5.0;
				TARGETED_DEVICE_FAMILY = "1,2";
			};
			name = Release;
		};
/* End XCBuildConfiguration section */

/* Begin XCConfigurationList section */
		BE105F0327521FB0003BAE68 /* Build configuration list for PBXProject "StrangeBody" */ = {
			isa = XCConfigurationList;
			buildConfigurations = (
				BE105F1627521FB1003BAE68 /* Debug */,
				BE105F1727521FB1003BAE68 /* Release */,
			);
			defaultConfigurationIsVisible = 0;
			defaultConfigurationName = Release;
		};
		BE105F1827521FB1003BAE68 /* Build configuration list for PBXNativeTarget "StrangeBody" */ = {
			isa = XCConfigurationList;
			buildConfigurations = (
				BE105F1927521FB1003BAE68 /* Debug */,
				BE105F1A27521FB1003BAE68 /* Release */,
			);
			defaultConfigurationIsVisible = 0;
			defaultConfigurationName = Release;
		};
/* End XCConfigurationList section */

/* Begin XCRemoteSwiftPackageReference section */
		BECF9ECE27859D840085A28E /* XCRemoteSwiftPackageReference "FocusEntity" */ = {
			isa = XCRemoteSwiftPackageReference;
			repositoryURL = "https://github.com/maxxfrazer/FocusEntity";
			requirement = {
				branch = main;
				kind = branch;
			};
		};
/* End XCRemoteSwiftPackageReference section */

/* Begin XCSwiftPackageProductDependency section */
		BECF9ECF27859D840085A28E /* FocusEntity */ = {
			isa = XCSwiftPackageProductDependency;
			package = BECF9ECE27859D840085A28E /* XCRemoteSwiftPackageReference "FocusEntity" */;
			productName = FocusEntity;
		};
/* End XCSwiftPackageProductDependency section */
	};
	rootObject = BE105F0027521FB0003BAE68 /* Project object */;
}
